// !$*UTF8*$!
{
	archiveVersion = 1;
	classes = {
	};
	objectVersion = 46;
	objects = {

/* Begin PBXBuildFile section */
		8C3F0A7B1BCEF05C009E172E /* AppDelegate.swift in Sources */ = {isa = PBXBuildFile; fileRef = 8C3F0A7A1BCEF05C009E172E /* AppDelegate.swift */; };
		8C3F0A7D1BCEF05C009E172E /* ViewController.swift in Sources */ = {isa = PBXBuildFile; fileRef = 8C3F0A7C1BCEF05C009E172E /* ViewController.swift */; };
		8C3F0A801BCEF05C009E172E /* Main.storyboard in Resources */ = {isa = PBXBuildFile; fileRef = 8C3F0A7E1BCEF05C009E172E /* Main.storyboard */; };
		8C3F0A831BCEF05C009E172E /* Malendar.xcdatamodeld in Sources */ = {isa = PBXBuildFile; fileRef = 8C3F0A811BCEF05C009E172E /* Malendar.xcdatamodeld */; };
		8C3F0A851BCEF05C009E172E /* Assets.xcassets in Resources */ = {isa = PBXBuildFile; fileRef = 8C3F0A841BCEF05C009E172E /* Assets.xcassets */; };
		8C3F0A881BCEF05C009E172E /* LaunchScreen.storyboard in Resources */ = {isa = PBXBuildFile; fileRef = 8C3F0A861BCEF05C009E172E /* LaunchScreen.storyboard */; };
		8C3F0AAC1BCEF106009E172E /* CVAuxiliaryView.swift in Sources */ = {isa = PBXBuildFile; fileRef = 8C3F0A911BCEF106009E172E /* CVAuxiliaryView.swift */; };
		8C3F0AAD1BCEF106009E172E /* CVCalendarContentViewController.swift in Sources */ = {isa = PBXBuildFile; fileRef = 8C3F0A921BCEF106009E172E /* CVCalendarContentViewController.swift */; };
		8C3F0AAE1BCEF106009E172E /* CVCalendarDayView.swift in Sources */ = {isa = PBXBuildFile; fileRef = 8C3F0A931BCEF106009E172E /* CVCalendarDayView.swift */; };
		8C3F0AAF1BCEF106009E172E /* CVCalendarDayViewControlCoordinator.swift in Sources */ = {isa = PBXBuildFile; fileRef = 8C3F0A941BCEF106009E172E /* CVCalendarDayViewControlCoordinator.swift */; };
		8C3F0AB01BCEF106009E172E /* CVCalendarManager.swift in Sources */ = {isa = PBXBuildFile; fileRef = 8C3F0A951BCEF106009E172E /* CVCalendarManager.swift */; };
		8C3F0AB11BCEF106009E172E /* CVCalendarMenuView.swift in Sources */ = {isa = PBXBuildFile; fileRef = 8C3F0A961BCEF106009E172E /* CVCalendarMenuView.swift */; };
		8C3F0AB21BCEF106009E172E /* CVCalendarMenuViewDelegate.swift in Sources */ = {isa = PBXBuildFile; fileRef = 8C3F0A971BCEF106009E172E /* CVCalendarMenuViewDelegate.swift */; };
		8C3F0AB31BCEF106009E172E /* CVCalendarMonthContentViewController.swift in Sources */ = {isa = PBXBuildFile; fileRef = 8C3F0A981BCEF106009E172E /* CVCalendarMonthContentViewController.swift */; };
		8C3F0AB41BCEF106009E172E /* CVCalendarMonthView.swift in Sources */ = {isa = PBXBuildFile; fileRef = 8C3F0A991BCEF106009E172E /* CVCalendarMonthView.swift */; };
		8C3F0AB51BCEF106009E172E /* CVCalendarTouchController.swift in Sources */ = {isa = PBXBuildFile; fileRef = 8C3F0A9A1BCEF106009E172E /* CVCalendarTouchController.swift */; };
		8C3F0AB61BCEF106009E172E /* CVCalendarView.swift in Sources */ = {isa = PBXBuildFile; fileRef = 8C3F0A9B1BCEF106009E172E /* CVCalendarView.swift */; };
		8C3F0AB71BCEF106009E172E /* CVCalendarViewAnimator.swift in Sources */ = {isa = PBXBuildFile; fileRef = 8C3F0A9C1BCEF106009E172E /* CVCalendarViewAnimator.swift */; };
		8C3F0AB81BCEF106009E172E /* CVCalendarViewAnimatorDelegate.swift in Sources */ = {isa = PBXBuildFile; fileRef = 8C3F0A9D1BCEF106009E172E /* CVCalendarViewAnimatorDelegate.swift */; };
		8C3F0AB91BCEF106009E172E /* CVCalendarViewAppearance.swift in Sources */ = {isa = PBXBuildFile; fileRef = 8C3F0A9E1BCEF106009E172E /* CVCalendarViewAppearance.swift */; };
		8C3F0ABA1BCEF106009E172E /* CVCalendarViewAppearanceDelegate.swift in Sources */ = {isa = PBXBuildFile; fileRef = 8C3F0A9F1BCEF106009E172E /* CVCalendarViewAppearanceDelegate.swift */; };
		8C3F0ABB1BCEF106009E172E /* CVCalendarViewDelegate.swift in Sources */ = {isa = PBXBuildFile; fileRef = 8C3F0AA01BCEF106009E172E /* CVCalendarViewDelegate.swift */; };
		8C3F0ABC1BCEF106009E172E /* CVCalendarViewPresentationMode.swift in Sources */ = {isa = PBXBuildFile; fileRef = 8C3F0AA11BCEF106009E172E /* CVCalendarViewPresentationMode.swift */; };
		8C3F0ABD1BCEF106009E172E /* CVCalendarWeekContentViewController.swift in Sources */ = {isa = PBXBuildFile; fileRef = 8C3F0AA21BCEF106009E172E /* CVCalendarWeekContentViewController.swift */; };
		8C3F0ABE1BCEF106009E172E /* CVCalendarWeekday.swift in Sources */ = {isa = PBXBuildFile; fileRef = 8C3F0AA31BCEF106009E172E /* CVCalendarWeekday.swift */; };
		8C3F0ABF1BCEF106009E172E /* CVCalendarWeekView.swift in Sources */ = {isa = PBXBuildFile; fileRef = 8C3F0AA41BCEF106009E172E /* CVCalendarWeekView.swift */; };
		8C3F0AC01BCEF106009E172E /* CVDate.swift in Sources */ = {isa = PBXBuildFile; fileRef = 8C3F0AA51BCEF106009E172E /* CVDate.swift */; };
		8C3F0AC11BCEF106009E172E /* CVRange.swift in Sources */ = {isa = PBXBuildFile; fileRef = 8C3F0AA61BCEF106009E172E /* CVRange.swift */; };
		8C3F0AC21BCEF106009E172E /* CVScrollDirection.swift in Sources */ = {isa = PBXBuildFile; fileRef = 8C3F0AA71BCEF106009E172E /* CVScrollDirection.swift */; };
		8C3F0AC31BCEF106009E172E /* CVSelectionType.swift in Sources */ = {isa = PBXBuildFile; fileRef = 8C3F0AA81BCEF106009E172E /* CVSelectionType.swift */; };
		8C3F0AC41BCEF106009E172E /* CVSet.swift in Sources */ = {isa = PBXBuildFile; fileRef = 8C3F0AA91BCEF106009E172E /* CVSet.swift */; };
		8C3F0AC51BCEF106009E172E /* CVShape.swift in Sources */ = {isa = PBXBuildFile; fileRef = 8C3F0AAA1BCEF106009E172E /* CVShape.swift */; };
		8C3F0AC61BCEF106009E172E /* CVWeekdaySymbolType.swift in Sources */ = {isa = PBXBuildFile; fileRef = 8C3F0AAB1BCEF106009E172E /* CVWeekdaySymbolType.swift */; };
		8C3F0ACC1BCF0822009E172E /* BTNavigationDropdownMenu.bundle in Resources */ = {isa = PBXBuildFile; fileRef = 8C3F0ACA1BCF0822009E172E /* BTNavigationDropdownMenu.bundle */; };
		8C3F0ACD1BCF0822009E172E /* BTNavigationDropdownMenu.swift in Sources */ = {isa = PBXBuildFile; fileRef = 8C3F0ACB1BCF0822009E172E /* BTNavigationDropdownMenu.swift */; };
		8C8892841BD4474000F1763F /* Cells.swift in Sources */ = {isa = PBXBuildFile; fileRef = 8C88927F1BD4474000F1763F /* Cells.swift */; };
		8C8892851BD4474000F1763F /* Controllers.swift in Sources */ = {isa = PBXBuildFile; fileRef = 8C8892801BD4474000F1763F /* Controllers.swift */; };
		8C8892861BD4474000F1763F /* Core.swift in Sources */ = {isa = PBXBuildFile; fileRef = 8C8892811BD4474000F1763F /* Core.swift */; };
		8C8892871BD4474000F1763F /* Helpers.swift in Sources */ = {isa = PBXBuildFile; fileRef = 8C8892821BD4474000F1763F /* Helpers.swift */; };
		8C8892881BD4474000F1763F /* Rows.swift in Sources */ = {isa = PBXBuildFile; fileRef = 8C8892831BD4474000F1763F /* Rows.swift */; };
		8CC29BBB1BD01D3800ECB9C3 /* EventTableViewCell.xib in Resources */ = {isa = PBXBuildFile; fileRef = 8CC29BBA1BD01D3800ECB9C3 /* EventTableViewCell.xib */; };
		8CC29BBD1BD0518D00ECB9C3 /* SCLAlertView.swift in Sources */ = {isa = PBXBuildFile; fileRef = 8CC29BBC1BD0518D00ECB9C3 /* SCLAlertView.swift */; };
		8CFA18421BD6B21F00D74FD9 /* AddEvent.swift in Sources */ = {isa = PBXBuildFile; fileRef = 8CFA18411BD6B21F00D74FD9 /* AddEvent.swift */; };
		8CFA18441BD6B26900D74FD9 /* EditEvent.swift in Sources */ = {isa = PBXBuildFile; fileRef = 8CFA18431BD6B26900D74FD9 /* EditEvent.swift */; };
/* End PBXBuildFile section */

/* Begin PBXFileReference section */
		8C3F0A771BCEF05C009E172E /* Malendar.app */ = {isa = PBXFileReference; explicitFileType = wrapper.application; includeInIndex = 0; path = Malendar.app; sourceTree = BUILT_PRODUCTS_DIR; };
		8C3F0A7A1BCEF05C009E172E /* AppDelegate.swift */ = {isa = PBXFileReference; lastKnownFileType = sourcecode.swift; path = AppDelegate.swift; sourceTree = "<group>"; };
		8C3F0A7C1BCEF05C009E172E /* ViewController.swift */ = {isa = PBXFileReference; lastKnownFileType = sourcecode.swift; path = ViewController.swift; sourceTree = "<group>"; };
		8C3F0A7F1BCEF05C009E172E /* Base */ = {isa = PBXFileReference; lastKnownFileType = file.storyboard; name = Base; path = Base.lproj/Main.storyboard; sourceTree = "<group>"; };
		8C3F0A821BCEF05C009E172E /* Malendar.xcdatamodel */ = {isa = PBXFileReference; lastKnownFileType = wrapper.xcdatamodel; path = Malendar.xcdatamodel; sourceTree = "<group>"; };
		8C3F0A841BCEF05C009E172E /* Assets.xcassets */ = {isa = PBXFileReference; lastKnownFileType = folder.assetcatalog; path = Assets.xcassets; sourceTree = "<group>"; };
		8C3F0A871BCEF05C009E172E /* Base */ = {isa = PBXFileReference; lastKnownFileType = file.storyboard; name = Base; path = Base.lproj/LaunchScreen.storyboard; sourceTree = "<group>"; };
		8C3F0A891BCEF05C009E172E /* Info.plist */ = {isa = PBXFileReference; lastKnownFileType = text.plist.xml; path = Info.plist; sourceTree = "<group>"; };
		8C3F0A911BCEF106009E172E /* CVAuxiliaryView.swift */ = {isa = PBXFileReference; fileEncoding = 4; lastKnownFileType = sourcecode.swift; path = CVAuxiliaryView.swift; sourceTree = "<group>"; };
		8C3F0A921BCEF106009E172E /* CVCalendarContentViewController.swift */ = {isa = PBXFileReference; fileEncoding = 4; lastKnownFileType = sourcecode.swift; path = CVCalendarContentViewController.swift; sourceTree = "<group>"; };
		8C3F0A931BCEF106009E172E /* CVCalendarDayView.swift */ = {isa = PBXFileReference; fileEncoding = 4; lastKnownFileType = sourcecode.swift; path = CVCalendarDayView.swift; sourceTree = "<group>"; };
		8C3F0A941BCEF106009E172E /* CVCalendarDayViewControlCoordinator.swift */ = {isa = PBXFileReference; fileEncoding = 4; lastKnownFileType = sourcecode.swift; path = CVCalendarDayViewControlCoordinator.swift; sourceTree = "<group>"; };
		8C3F0A951BCEF106009E172E /* CVCalendarManager.swift */ = {isa = PBXFileReference; fileEncoding = 4; lastKnownFileType = sourcecode.swift; path = CVCalendarManager.swift; sourceTree = "<group>"; };
		8C3F0A961BCEF106009E172E /* CVCalendarMenuView.swift */ = {isa = PBXFileReference; fileEncoding = 4; lastKnownFileType = sourcecode.swift; path = CVCalendarMenuView.swift; sourceTree = "<group>"; };
		8C3F0A971BCEF106009E172E /* CVCalendarMenuViewDelegate.swift */ = {isa = PBXFileReference; fileEncoding = 4; lastKnownFileType = sourcecode.swift; path = CVCalendarMenuViewDelegate.swift; sourceTree = "<group>"; };
		8C3F0A981BCEF106009E172E /* CVCalendarMonthContentViewController.swift */ = {isa = PBXFileReference; fileEncoding = 4; lastKnownFileType = sourcecode.swift; path = CVCalendarMonthContentViewController.swift; sourceTree = "<group>"; };
		8C3F0A991BCEF106009E172E /* CVCalendarMonthView.swift */ = {isa = PBXFileReference; fileEncoding = 4; lastKnownFileType = sourcecode.swift; path = CVCalendarMonthView.swift; sourceTree = "<group>"; };
		8C3F0A9A1BCEF106009E172E /* CVCalendarTouchController.swift */ = {isa = PBXFileReference; fileEncoding = 4; lastKnownFileType = sourcecode.swift; path = CVCalendarTouchController.swift; sourceTree = "<group>"; };
		8C3F0A9B1BCEF106009E172E /* CVCalendarView.swift */ = {isa = PBXFileReference; fileEncoding = 4; lastKnownFileType = sourcecode.swift; path = CVCalendarView.swift; sourceTree = "<group>"; };
		8C3F0A9C1BCEF106009E172E /* CVCalendarViewAnimator.swift */ = {isa = PBXFileReference; fileEncoding = 4; lastKnownFileType = sourcecode.swift; path = CVCalendarViewAnimator.swift; sourceTree = "<group>"; };
		8C3F0A9D1BCEF106009E172E /* CVCalendarViewAnimatorDelegate.swift */ = {isa = PBXFileReference; fileEncoding = 4; lastKnownFileType = sourcecode.swift; path = CVCalendarViewAnimatorDelegate.swift; sourceTree = "<group>"; };
		8C3F0A9E1BCEF106009E172E /* CVCalendarViewAppearance.swift */ = {isa = PBXFileReference; fileEncoding = 4; lastKnownFileType = sourcecode.swift; path = CVCalendarViewAppearance.swift; sourceTree = "<group>"; };
		8C3F0A9F1BCEF106009E172E /* CVCalendarViewAppearanceDelegate.swift */ = {isa = PBXFileReference; fileEncoding = 4; lastKnownFileType = sourcecode.swift; path = CVCalendarViewAppearanceDelegate.swift; sourceTree = "<group>"; };
		8C3F0AA01BCEF106009E172E /* CVCalendarViewDelegate.swift */ = {isa = PBXFileReference; fileEncoding = 4; lastKnownFileType = sourcecode.swift; path = CVCalendarViewDelegate.swift; sourceTree = "<group>"; };
		8C3F0AA11BCEF106009E172E /* CVCalendarViewPresentationMode.swift */ = {isa = PBXFileReference; fileEncoding = 4; lastKnownFileType = sourcecode.swift; path = CVCalendarViewPresentationMode.swift; sourceTree = "<group>"; };
		8C3F0AA21BCEF106009E172E /* CVCalendarWeekContentViewController.swift */ = {isa = PBXFileReference; fileEncoding = 4; lastKnownFileType = sourcecode.swift; path = CVCalendarWeekContentViewController.swift; sourceTree = "<group>"; };
		8C3F0AA31BCEF106009E172E /* CVCalendarWeekday.swift */ = {isa = PBXFileReference; fileEncoding = 4; lastKnownFileType = sourcecode.swift; path = CVCalendarWeekday.swift; sourceTree = "<group>"; };
		8C3F0AA41BCEF106009E172E /* CVCalendarWeekView.swift */ = {isa = PBXFileReference; fileEncoding = 4; lastKnownFileType = sourcecode.swift; path = CVCalendarWeekView.swift; sourceTree = "<group>"; };
		8C3F0AA51BCEF106009E172E /* CVDate.swift */ = {isa = PBXFileReference; fileEncoding = 4; lastKnownFileType = sourcecode.swift; path = CVDate.swift; sourceTree = "<group>"; };
		8C3F0AA61BCEF106009E172E /* CVRange.swift */ = {isa = PBXFileReference; fileEncoding = 4; lastKnownFileType = sourcecode.swift; path = CVRange.swift; sourceTree = "<group>"; };
		8C3F0AA71BCEF106009E172E /* CVScrollDirection.swift */ = {isa = PBXFileReference; fileEncoding = 4; lastKnownFileType = sourcecode.swift; path = CVScrollDirection.swift; sourceTree = "<group>"; };
		8C3F0AA81BCEF106009E172E /* CVSelectionType.swift */ = {isa = PBXFileReference; fileEncoding = 4; lastKnownFileType = sourcecode.swift; path = CVSelectionType.swift; sourceTree = "<group>"; };
		8C3F0AA91BCEF106009E172E /* CVSet.swift */ = {isa = PBXFileReference; fileEncoding = 4; lastKnownFileType = sourcecode.swift; path = CVSet.swift; sourceTree = "<group>"; };
		8C3F0AAA1BCEF106009E172E /* CVShape.swift */ = {isa = PBXFileReference; fileEncoding = 4; lastKnownFileType = sourcecode.swift; path = CVShape.swift; sourceTree = "<group>"; };
		8C3F0AAB1BCEF106009E172E /* CVWeekdaySymbolType.swift */ = {isa = PBXFileReference; fileEncoding = 4; lastKnownFileType = sourcecode.swift; path = CVWeekdaySymbolType.swift; sourceTree = "<group>"; };
		8C3F0ACA1BCF0822009E172E /* BTNavigationDropdownMenu.bundle */ = {isa = PBXFileReference; lastKnownFileType = "wrapper.plug-in"; path = BTNavigationDropdownMenu.bundle; sourceTree = "<group>"; };
		8C3F0ACB1BCF0822009E172E /* BTNavigationDropdownMenu.swift */ = {isa = PBXFileReference; fileEncoding = 4; lastKnownFileType = sourcecode.swift; path = BTNavigationDropdownMenu.swift; sourceTree = "<group>"; };
		8C88927E1BD4474000F1763F /* Eureka.h */ = {isa = PBXFileReference; fileEncoding = 4; lastKnownFileType = sourcecode.c.h; path = Eureka.h; sourceTree = "<group>"; };
		8C88927F1BD4474000F1763F /* Cells.swift */ = {isa = PBXFileReference; fileEncoding = 4; lastKnownFileType = sourcecode.swift; path = Cells.swift; sourceTree = "<group>"; };
		8C8892801BD4474000F1763F /* Controllers.swift */ = {isa = PBXFileReference; fileEncoding = 4; lastKnownFileType = sourcecode.swift; path = Controllers.swift; sourceTree = "<group>"; };
		8C8892811BD4474000F1763F /* Core.swift */ = {isa = PBXFileReference; fileEncoding = 4; lastKnownFileType = sourcecode.swift; path = Core.swift; sourceTree = "<group>"; };
		8C8892821BD4474000F1763F /* Helpers.swift */ = {isa = PBXFileReference; fileEncoding = 4; lastKnownFileType = sourcecode.swift; path = Helpers.swift; sourceTree = "<group>"; };
		8C8892831BD4474000F1763F /* Rows.swift */ = {isa = PBXFileReference; fileEncoding = 4; lastKnownFileType = sourcecode.swift; path = Rows.swift; sourceTree = "<group>"; };
		8CC29BBA1BD01D3800ECB9C3 /* EventTableViewCell.xib */ = {isa = PBXFileReference; fileEncoding = 4; lastKnownFileType = file.xib; path = EventTableViewCell.xib; sourceTree = "<group>"; };
		8CC29BBC1BD0518D00ECB9C3 /* SCLAlertView.swift */ = {isa = PBXFileReference; fileEncoding = 4; lastKnownFileType = sourcecode.swift; path = SCLAlertView.swift; sourceTree = "<group>"; };
		8CFA18411BD6B21F00D74FD9 /* AddEvent.swift */ = {isa = PBXFileReference; fileEncoding = 4; lastKnownFileType = sourcecode.swift; path = AddEvent.swift; sourceTree = "<group>"; };
		8CFA18431BD6B26900D74FD9 /* EditEvent.swift */ = {isa = PBXFileReference; fileEncoding = 4; lastKnownFileType = sourcecode.swift; path = EditEvent.swift; sourceTree = "<group>"; };
/* End PBXFileReference section */

/* Begin PBXFrameworksBuildPhase section */
		8C3F0A741BCEF05C009E172E /* Frameworks */ = {
			isa = PBXFrameworksBuildPhase;
			buildActionMask = 2147483647;
			files = (
			);
			runOnlyForDeploymentPostprocessing = 0;
		};
/* End PBXFrameworksBuildPhase section */

/* Begin PBXGroup section */
		8C3F0A6E1BCEF05C009E172E = {
			isa = PBXGroup;
			children = (
				8C3F0A791BCEF05C009E172E /* Malendar */,
				8C3F0A781BCEF05C009E172E /* Products */,
			);
			sourceTree = "<group>";
		};
		8C3F0A781BCEF05C009E172E /* Products */ = {
			isa = PBXGroup;
			children = (
				8C3F0A771BCEF05C009E172E /* Malendar.app */,
			);
			name = Products;
			sourceTree = "<group>";
		};
		8C3F0A791BCEF05C009E172E /* Malendar */ = {
			isa = PBXGroup;
			children = (
				8C3F0A8F1BCEF0EF009E172E /* Frameworks */,
				8C3F0A7A1BCEF05C009E172E /* AppDelegate.swift */,
				8CC29BC01BD05F9E00ECB9C3 /* ViewControllers */,
				8CFA18451BD6B3FF00D74FD9 /* Xib */,
				8C3F0A7E1BCEF05C009E172E /* Main.storyboard */,
				8C3F0A841BCEF05C009E172E /* Assets.xcassets */,
				8C3F0A861BCEF05C009E172E /* LaunchScreen.storyboard */,
				8C3F0A891BCEF05C009E172E /* Info.plist */,
				8C3F0A811BCEF05C009E172E /* Malendar.xcdatamodeld */,
			);
			path = Malendar;
			sourceTree = "<group>";
		};
		8C3F0A8F1BCEF0EF009E172E /* Frameworks */ = {
			isa = PBXGroup;
			children = (
				8C8892891BD5683700F1763F /* Eureka */,
				8CC29BBC1BD0518D00ECB9C3 /* SCLAlertView.swift */,
				8C3F0AC91BCF0818009E172E /* BTNavigation */,
				8C3F0A901BCEF106009E172E /* CVCalendar */,
			);
			name = Frameworks;
			sourceTree = "<group>";
		};
		8C3F0A901BCEF106009E172E /* CVCalendar */ = {
			isa = PBXGroup;
			children = (
				8C3F0A911BCEF106009E172E /* CVAuxiliaryView.swift */,
				8C3F0A921BCEF106009E172E /* CVCalendarContentViewController.swift */,
				8C3F0A931BCEF106009E172E /* CVCalendarDayView.swift */,
				8C3F0A941BCEF106009E172E /* CVCalendarDayViewControlCoordinator.swift */,
				8C3F0A951BCEF106009E172E /* CVCalendarManager.swift */,
				8C3F0A961BCEF106009E172E /* CVCalendarMenuView.swift */,
				8C3F0A971BCEF106009E172E /* CVCalendarMenuViewDelegate.swift */,
				8C3F0A981BCEF106009E172E /* CVCalendarMonthContentViewController.swift */,
				8C3F0A991BCEF106009E172E /* CVCalendarMonthView.swift */,
				8C3F0A9A1BCEF106009E172E /* CVCalendarTouchController.swift */,
				8C3F0A9B1BCEF106009E172E /* CVCalendarView.swift */,
				8C3F0A9C1BCEF106009E172E /* CVCalendarViewAnimator.swift */,
				8C3F0A9D1BCEF106009E172E /* CVCalendarViewAnimatorDelegate.swift */,
				8C3F0A9E1BCEF106009E172E /* CVCalendarViewAppearance.swift */,
				8C3F0A9F1BCEF106009E172E /* CVCalendarViewAppearanceDelegate.swift */,
				8C3F0AA01BCEF106009E172E /* CVCalendarViewDelegate.swift */,
				8C3F0AA11BCEF106009E172E /* CVCalendarViewPresentationMode.swift */,
				8C3F0AA21BCEF106009E172E /* CVCalendarWeekContentViewController.swift */,
				8C3F0AA31BCEF106009E172E /* CVCalendarWeekday.swift */,
				8C3F0AA41BCEF106009E172E /* CVCalendarWeekView.swift */,
				8C3F0AA51BCEF106009E172E /* CVDate.swift */,
				8C3F0AA61BCEF106009E172E /* CVRange.swift */,
				8C3F0AA71BCEF106009E172E /* CVScrollDirection.swift */,
				8C3F0AA81BCEF106009E172E /* CVSelectionType.swift */,
				8C3F0AA91BCEF106009E172E /* CVSet.swift */,
				8C3F0AAA1BCEF106009E172E /* CVShape.swift */,
				8C3F0AAB1BCEF106009E172E /* CVWeekdaySymbolType.swift */,
			);
			path = CVCalendar;
			sourceTree = "<group>";
		};
		8C3F0AC91BCF0818009E172E /* BTNavigation */ = {
			isa = PBXGroup;
			children = (
				8C3F0ACA1BCF0822009E172E /* BTNavigationDropdownMenu.bundle */,
				8C3F0ACB1BCF0822009E172E /* BTNavigationDropdownMenu.swift */,
			);
			name = BTNavigation;
			sourceTree = "<group>";
		};
		8C8892891BD5683700F1763F /* Eureka */ = {
			isa = PBXGroup;
			children = (
				8C88927E1BD4474000F1763F /* Eureka.h */,
				8C88927F1BD4474000F1763F /* Cells.swift */,
				8C8892801BD4474000F1763F /* Controllers.swift */,
				8C8892811BD4474000F1763F /* Core.swift */,
				8C8892821BD4474000F1763F /* Helpers.swift */,
				8C8892831BD4474000F1763F /* Rows.swift */,
			);
			name = Eureka;
			sourceTree = "<group>";
		};
		8CC29BC01BD05F9E00ECB9C3 /* ViewControllers */ = {
			isa = PBXGroup;
			children = (
				8C3F0A7C1BCEF05C009E172E /* ViewController.swift */,
				8CFA18411BD6B21F00D74FD9 /* AddEvent.swift */,
				8CFA18431BD6B26900D74FD9 /* EditEvent.swift */,
			);
			name = ViewControllers;
			sourceTree = "<group>";
		};
		8CFA18451BD6B3FF00D74FD9 /* Xib */ = {
			isa = PBXGroup;
			children = (
				8CC29BBA1BD01D3800ECB9C3 /* EventTableViewCell.xib */,
			);
			name = Xib;
			sourceTree = "<group>";
		};
/* End PBXGroup section */

/* Begin PBXNativeTarget section */
		8C3F0A761BCEF05C009E172E /* Malendar */ = {
			isa = PBXNativeTarget;
			buildConfigurationList = 8C3F0A8C1BCEF05C009E172E /* Build configuration list for PBXNativeTarget "Malendar" */;
			buildPhases = (
				8C3F0A731BCEF05C009E172E /* Sources */,
				8C3F0A741BCEF05C009E172E /* Frameworks */,
				8C3F0A751BCEF05C009E172E /* Resources */,
			);
			buildRules = (
			);
			dependencies = (
			);
			name = Malendar;
			productName = Malendar;
			productReference = 8C3F0A771BCEF05C009E172E /* Malendar.app */;
			productType = "com.apple.product-type.application";
		};
/* End PBXNativeTarget section */

/* Begin PBXProject section */
		8C3F0A6F1BCEF05C009E172E /* Project object */ = {
			isa = PBXProject;
			attributes = {
				LastUpgradeCheck = 0700;
				ORGANIZATIONNAME = "Smart Drive LLC";
				TargetAttributes = {
					8C3F0A761BCEF05C009E172E = {
						CreatedOnToolsVersion = 7.0.1;
						DevelopmentTeam = P857ZRS6WM;
					};
				};
			};
			buildConfigurationList = 8C3F0A721BCEF05C009E172E /* Build configuration list for PBXProject "Malendar" */;
			compatibilityVersion = "Xcode 3.2";
			developmentRegion = English;
			hasScannedForEncodings = 0;
			knownRegions = (
				en,
				Base,
			);
			mainGroup = 8C3F0A6E1BCEF05C009E172E;
			productRefGroup = 8C3F0A781BCEF05C009E172E /* Products */;
			projectDirPath = "";
			projectRoot = "";
			targets = (
				8C3F0A761BCEF05C009E172E /* Malendar */,
			);
		};
/* End PBXProject section */

/* Begin PBXResourcesBuildPhase section */
		8C3F0A751BCEF05C009E172E /* Resources */ = {
			isa = PBXResourcesBuildPhase;
			buildActionMask = 2147483647;
			files = (
				8CC29BBB1BD01D3800ECB9C3 /* EventTableViewCell.xib in Resources */,
				8C3F0A881BCEF05C009E172E /* LaunchScreen.storyboard in Resources */,
				8C3F0A851BCEF05C009E172E /* Assets.xcassets in Resources */,
				8C3F0A801BCEF05C009E172E /* Main.storyboard in Resources */,
				8C3F0ACC1BCF0822009E172E /* BTNavigationDropdownMenu.bundle in Resources */,
			);
			runOnlyForDeploymentPostprocessing = 0;
		};
/* End PBXResourcesBuildPhase section */

/* Begin PBXSourcesBuildPhase section */
		8C3F0A731BCEF05C009E172E /* Sources */ = {
			isa = PBXSourcesBuildPhase;
			buildActionMask = 2147483647;
			files = (
				8C3F0ACD1BCF0822009E172E /* BTNavigationDropdownMenu.swift in Sources */,
				8C8892881BD4474000F1763F /* Rows.swift in Sources */,
				8CFA18441BD6B26900D74FD9 /* EditEvent.swift in Sources */,
				8C3F0AB01BCEF106009E172E /* CVCalendarManager.swift in Sources */,
				8CC29BBD1BD0518D00ECB9C3 /* SCLAlertView.swift in Sources */,
				8C8892861BD4474000F1763F /* Core.swift in Sources */,
				8C3F0AC61BCEF106009E172E /* CVWeekdaySymbolType.swift in Sources */,
				8C3F0AAC1BCEF106009E172E /* CVAuxiliaryView.swift in Sources */,
				8C3F0AB91BCEF106009E172E /* CVCalendarViewAppearance.swift in Sources */,
				8C3F0ABB1BCEF106009E172E /* CVCalendarViewDelegate.swift in Sources */,
				8C3F0AB51BCEF106009E172E /* CVCalendarTouchController.swift in Sources */,
				8C3F0ABD1BCEF106009E172E /* CVCalendarWeekContentViewController.swift in Sources */,
				8C3F0AC01BCEF106009E172E /* CVDate.swift in Sources */,
				8C3F0AC41BCEF106009E172E /* CVSet.swift in Sources */,
				8C3F0ABF1BCEF106009E172E /* CVCalendarWeekView.swift in Sources */,
				8C3F0ABA1BCEF106009E172E /* CVCalendarViewAppearanceDelegate.swift in Sources */,
				8C3F0AC31BCEF106009E172E /* CVSelectionType.swift in Sources */,
				8C3F0AB81BCEF106009E172E /* CVCalendarViewAnimatorDelegate.swift in Sources */,
				8C3F0AB21BCEF106009E172E /* CVCalendarMenuViewDelegate.swift in Sources */,
				8C3F0AC21BCEF106009E172E /* CVScrollDirection.swift in Sources */,
				8C3F0AAD1BCEF106009E172E /* CVCalendarContentViewController.swift in Sources */,
				8C3F0AB31BCEF106009E172E /* CVCalendarMonthContentViewController.swift in Sources */,
				8C8892841BD4474000F1763F /* Cells.swift in Sources */,
				8C3F0A7D1BCEF05C009E172E /* ViewController.swift in Sources */,
				8C3F0AB11BCEF106009E172E /* CVCalendarMenuView.swift in Sources */,
				8C3F0A831BCEF05C009E172E /* Malendar.xcdatamodeld in Sources */,
				8C8892851BD4474000F1763F /* Controllers.swift in Sources */,
				8C3F0AB41BCEF106009E172E /* CVCalendarMonthView.swift in Sources */,
				8C3F0AAF1BCEF106009E172E /* CVCalendarDayViewControlCoordinator.swift in Sources */,
				8C3F0AB61BCEF106009E172E /* CVCalendarView.swift in Sources */,
				8C3F0ABE1BCEF106009E172E /* CVCalendarWeekday.swift in Sources */,
				8C3F0AAE1BCEF106009E172E /* CVCalendarDayView.swift in Sources */,
				8C3F0AC11BCEF106009E172E /* CVRange.swift in Sources */,
				8CFA18421BD6B21F00D74FD9 /* AddEvent.swift in Sources */,
				8C8892871BD4474000F1763F /* Helpers.swift in Sources */,
				8C3F0A7B1BCEF05C009E172E /* AppDelegate.swift in Sources */,
				8C3F0AC51BCEF106009E172E /* CVShape.swift in Sources */,
				8C3F0ABC1BCEF106009E172E /* CVCalendarViewPresentationMode.swift in Sources */,
				8C3F0AB71BCEF106009E172E /* CVCalendarViewAnimator.swift in Sources */,
			);
			runOnlyForDeploymentPostprocessing = 0;
		};
/* End PBXSourcesBuildPhase section */

/* Begin PBXVariantGroup section */
		8C3F0A7E1BCEF05C009E172E /* Main.storyboard */ = {
			isa = PBXVariantGroup;
			children = (
				8C3F0A7F1BCEF05C009E172E /* Base */,
			);
			name = Main.storyboard;
			sourceTree = "<group>";
		};
		8C3F0A861BCEF05C009E172E /* LaunchScreen.storyboard */ = {
			isa = PBXVariantGroup;
			children = (
				8C3F0A871BCEF05C009E172E /* Base */,
			);
			name = LaunchScreen.storyboard;
			sourceTree = "<group>";
		};
/* End PBXVariantGroup section */

/* Begin XCBuildConfiguration section */
		8C3F0A8A1BCEF05C009E172E /* Debug */ = {
			isa = XCBuildConfiguration;
			buildSettings = {
				ALWAYS_SEARCH_USER_PATHS = NO;
				CLANG_CXX_LANGUAGE_STANDARD = "gnu++0x";
				CLANG_CXX_LIBRARY = "libc++";
				CLANG_ENABLE_MODULES = YES;
				CLANG_ENABLE_OBJC_ARC = YES;
				CLANG_WARN_BOOL_CONVERSION = YES;
				CLANG_WARN_CONSTANT_CONVERSION = YES;
				CLANG_WARN_DIRECT_OBJC_ISA_USAGE = YES_ERROR;
				CLANG_WARN_EMPTY_BODY = YES;
				CLANG_WARN_ENUM_CONVERSION = YES;
				CLANG_WARN_INT_CONVERSION = YES;
				CLANG_WARN_OBJC_ROOT_CLASS = YES_ERROR;
				CLANG_WARN_UNREACHABLE_CODE = YES;
				CLANG_WARN__DUPLICATE_METHOD_MATCH = YES;
				"CODE_SIGN_IDENTITY[sdk=iphoneos*]" = "iPhone Developer";
				COPY_PHASE_STRIP = NO;
				DEBUG_INFORMATION_FORMAT = dwarf;
				ENABLE_STRICT_OBJC_MSGSEND = YES;
				ENABLE_TESTABILITY = YES;
				GCC_C_LANGUAGE_STANDARD = gnu99;
				GCC_DYNAMIC_NO_PIC = NO;
				GCC_NO_COMMON_BLOCKS = YES;
				GCC_OPTIMIZATION_LEVEL = 0;
				GCC_PREPROCESSOR_DEFINITIONS = (
					"DEBUG=1",
					"$(inherited)",
				);
				GCC_WARN_64_TO_32_BIT_CONVERSION = YES;
				GCC_WARN_ABOUT_RETURN_TYPE = YES_ERROR;
				GCC_WARN_UNDECLARED_SELECTOR = YES;
				GCC_WARN_UNINITIALIZED_AUTOS = YES_AGGRESSIVE;
				GCC_WARN_UNUSED_FUNCTION = YES;
				GCC_WARN_UNUSED_VARIABLE = YES;
				IPHONEOS_DEPLOYMENT_TARGET = 9.0;
				MTL_ENABLE_DEBUG_INFO = YES;
				ONLY_ACTIVE_ARCH = YES;
				SDKROOT = iphoneos;
				SWIFT_OPTIMIZATION_LEVEL = "-Onone";
			};
			name = Debug;
		};
		8C3F0A8B1BCEF05C009E172E /* Release */ = {
			isa = XCBuildConfiguration;
			buildSettings = {
				ALWAYS_SEARCH_USER_PATHS = NO;
				CLANG_CXX_LANGUAGE_STANDARD = "gnu++0x";
				CLANG_CXX_LIBRARY = "libc++";
				CLANG_ENABLE_MODULES = YES;
				CLANG_ENABLE_OBJC_ARC = YES;
				CLANG_WARN_BOOL_CONVERSION = YES;
				CLANG_WARN_CONSTANT_CONVERSION = YES;
				CLANG_WARN_DIRECT_OBJC_ISA_USAGE = YES_ERROR;
				CLANG_WARN_EMPTY_BODY = YES;
				CLANG_WARN_ENUM_CONVERSION = YES;
				CLANG_WARN_INT_CONVERSION = YES;
				CLANG_WARN_OBJC_ROOT_CLASS = YES_ERROR;
				CLANG_WARN_UNREACHABLE_CODE = YES;
				CLANG_WARN__DUPLICATE_METHOD_MATCH = YES;
				"CODE_SIGN_IDENTITY[sdk=iphoneos*]" = "iPhone Developer";
				COPY_PHASE_STRIP = NO;
				DEBUG_INFORMATION_FORMAT = "dwarf-with-dsym";
				ENABLE_NS_ASSERTIONS = NO;
				ENABLE_STRICT_OBJC_MSGSEND = YES;
				GCC_C_LANGUAGE_STANDARD = gnu99;
				GCC_NO_COMMON_BLOCKS = YES;
				GCC_WARN_64_TO_32_BIT_CONVERSION = YES;
				GCC_WARN_ABOUT_RETURN_TYPE = YES_ERROR;
				GCC_WARN_UNDECLARED_SELECTOR = YES;
				GCC_WARN_UNINITIALIZED_AUTOS = YES_AGGRESSIVE;
				GCC_WARN_UNUSED_FUNCTION = YES;
				GCC_WARN_UNUSED_VARIABLE = YES;
				IPHONEOS_DEPLOYMENT_TARGET = 9.0;
				MTL_ENABLE_DEBUG_INFO = NO;
				SDKROOT = iphoneos;
				VALIDATE_PRODUCT = YES;
			};
			name = Release;
		};
		8C3F0A8D1BCEF05C009E172E /* Debug */ = {
			isa = XCBuildConfiguration;
			buildSettings = {
				ASSETCATALOG_COMPILER_APPICON_NAME = AppIcon;
				CODE_SIGN_IDENTITY = "iPhone Developer";
				INFOPLIST_FILE = Malendar/Info.plist;
				LD_RUNPATH_SEARCH_PATHS = "$(inherited) @executable_path/Frameworks";
				PRODUCT_BUNDLE_IDENTIFIER = com.chaseroossin.malendar;
				PRODUCT_NAME = "$(TARGET_NAME)";
			};
			name = Debug;
		};
		8C3F0A8E1BCEF05C009E172E /* Release */ = {
			isa = XCBuildConfiguration;
			buildSettings = {
				ASSETCATALOG_COMPILER_APPICON_NAME = AppIcon;
				CODE_SIGN_IDENTITY = "iPhone Developer";
				INFOPLIST_FILE = Malendar/Info.plist;
				LD_RUNPATH_SEARCH_PATHS = "$(inherited) @executable_path/Frameworks";
				PRODUCT_BUNDLE_IDENTIFIER = com.chaseroossin.malendar;
				PRODUCT_NAME = "$(TARGET_NAME)";
			};
			name = Release;
		};
/* End XCBuildConfiguration section */

/* Begin XCConfigurationList section */
		8C3F0A721BCEF05C009E172E /* Build configuration list for PBXProject "Malendar" */ = {
			isa = XCConfigurationList;
			buildConfigurations = (
				8C3F0A8A1BCEF05C009E172E /* Debug */,
				8C3F0A8B1BCEF05C009E172E /* Release */,
			);
			defaultConfigurationIsVisible = 0;
			defaultConfigurationName = Release;
		};
		8C3F0A8C1BCEF05C009E172E /* Build configuration list for PBXNativeTarget "Malendar" */ = {
			isa = XCConfigurationList;
			buildConfigurations = (
				8C3F0A8D1BCEF05C009E172E /* Debug */,
				8C3F0A8E1BCEF05C009E172E /* Release */,
			);
			defaultConfigurationIsVisible = 0;
			defaultConfigurationName = Release;
		};
/* End XCConfigurationList section */

/* Begin XCVersionGroup section */
		8C3F0A811BCEF05C009E172E /* Malendar.xcdatamodeld */ = {
			isa = XCVersionGroup;
			children = (
				8C3F0A821BCEF05C009E172E /* Malendar.xcdatamodel */,
			);
			currentVersion = 8C3F0A821BCEF05C009E172E /* Malendar.xcdatamodel */;
			path = Malendar.xcdatamodeld;
			sourceTree = "<group>";
			versionGroupType = wrapper.xcdatamodel;
		};
/* End XCVersionGroup section */
	};
	rootObject = 8C3F0A6F1BCEF05C009E172E /* Project object */;
}
